
Microsoft Visual Studio Solution File, Format Version 12.00
# Visual Studio Version 16
VisualStudioVersion = 16.0.32602.291
MinimumVisualStudioVersion = 10.0.40219.1
Project("{FAE04EC0-301F-11D3-BF4B-00C04F79EFBC}") = "JenkinsApp", "JenkinsApp\JenkinsApp.csproj", "{2B86DB85-F4CA-4F0E-A656-9028B983C03B}"
EndProject
Project("{FAE04EC0-301F-11D3-BF4B-00C04F79EFBC}") = "MyMaths", "MyMaths\MyMaths.csproj", "{20C04BA0-7A7F-4D2B-87F9-72A76A1A9AF0}"
EndProject
Global
	GlobalSection(SolutionConfigurationPlatforms) = preSolution
		Debug|Any CPU = Debug|Any CPU
		Release|Any CPU = Release|Any CPU
	EndGlobalSection
	GlobalSection(ProjectConfigurationPlatforms) = postSolution
		{2B86DB85-F4CA-4F0E-A656-9028B983C03B}.Debug|Any CPU.ActiveCfg = Debug|Any CPU
		{2B86DB85-F4CA-4F0E-A656-9028B983C03B}.Debug|Any CPU.Build.0 = Debug|Any CPU
		{2B86DB85-F4CA-4F0E-A656-9028B983C03B}.Release|Any CPU.ActiveCfg = Release|Any CPU
		{2B86DB85-F4CA-4F0E-A656-9028B983C03B}.Release|Any CPU.Build.0 = Release|Any CPU
		{20C04BA0-7A7F-4D2B-87F9-72A76A1A9AF0}.Debug|Any CPU.ActiveCfg = Debug|Any CPU
		{20C04BA0-7A7F-4D2B-87F9-72A76A1A9AF0}.Debug|Any CPU.Build.0 = Debug|Any CPU
		{20C04BA0-7A7F-4D2B-87F9-72A76A1A9AF0}.Release|Any CPU.ActiveCfg = Release|Any CPU
		{20C04BA0-7A7F-4D2B-87F9-72A76A1A9AF0}.Release|Any CPU.Build.0 = Release|Any CPU
	EndGlobalSection
	GlobalSection(SolutionProperties) = preSolution
		HideSolutionNode = FALSE
	EndGlobalSection
	GlobalSection(ExtensibilityGlobals) = postSolution
		SolutionGuid = {9329F23E-92F1-4A96-B116-1457A9E0500A}
	EndGlobalSection
EndGlobal
